// !$*UTF8*$!
{
	archiveVersion = 1;
	classes = {
	};
	objectVersion = 46;
	objects = {

/* Begin PBXBuildFile section */
		5197F13E1E12493700D123D8 /* main.m in Sources */ = {isa = PBXBuildFile; fileRef = 5197F13D1E12493700D123D8 /* main.m */; };
		5197F1411E12493700D123D8 /* AppDelegate.m in Sources */ = {isa = PBXBuildFile; fileRef = 5197F1401E12493700D123D8 /* AppDelegate.m */; };
		5197F1441E12493700D123D8 /* ViewController.m in Sources */ = {isa = PBXBuildFile; fileRef = 5197F1431E12493700D123D8 /* ViewController.m */; };
		5197F1471E12493700D123D8 /* Main.storyboard in Resources */ = {isa = PBXBuildFile; fileRef = 5197F1451E12493700D123D8 /* Main.storyboard */; };
		5197F14A1E12493700D123D8 /* DemoObjecti.xcdatamodeld in Sources */ = {isa = PBXBuildFile; fileRef = 5197F1481E12493700D123D8 /* DemoObjecti.xcdatamodeld */; };
		5197F14C1E12493700D123D8 /* Assets.xcassets in Resources */ = {isa = PBXBuildFile; fileRef = 5197F14B1E12493700D123D8 /* Assets.xcassets */; };
		5197F14F1E12493800D123D8 /* LaunchScreen.storyboard in Resources */ = {isa = PBXBuildFile; fileRef = 5197F14D1E12493800D123D8 /* LaunchScreen.storyboard */; };
		5197F1581E124A1700D123D8 /* CoreData.framework in Frameworks */ = {isa = PBXBuildFile; fileRef = 5197F1571E124A1700D123D8 /* CoreData.framework */; };
		5197F15B1E124D0C00D123D8 /* CustomTableViewCell.m in Sources */ = {isa = PBXBuildFile; fileRef = 5197F15A1E124D0C00D123D8 /* CustomTableViewCell.m */; };
		5197F1761E125A4900D123D8 /* GeoName+CoreDataProperties.m in Sources */ = {isa = PBXBuildFile; fileRef = 5197F1741E125A4900D123D8 /* GeoName+CoreDataProperties.m */; };
/* End PBXBuildFile section */

/* Begin PBXFileReference section */
		5197F1391E12493700D123D8 /* DemoObjecti.app */ = {isa = PBXFileReference; explicitFileType = wrapper.application; includeInIndex = 0; path = DemoObjecti.app; sourceTree = BUILT_PRODUCTS_DIR; };
		5197F13D1E12493700D123D8 /* main.m */ = {isa = PBXFileReference; lastKnownFileType = sourcecode.c.objc; path = main.m; sourceTree = "<group>"; };
		5197F13F1E12493700D123D8 /* AppDelegate.h */ = {isa = PBXFileReference; lastKnownFileType = sourcecode.c.h; path = AppDelegate.h; sourceTree = "<group>"; };
		5197F1401E12493700D123D8 /* AppDelegate.m */ = {isa = PBXFileReference; lastKnownFileType = sourcecode.c.objc; path = AppDelegate.m; sourceTree = "<group>"; };
		5197F1421E12493700D123D8 /* ViewController.h */ = {isa = PBXFileReference; lastKnownFileType = sourcecode.c.h; path = ViewController.h; sourceTree = "<group>"; };
		5197F1431E12493700D123D8 /* ViewController.m */ = {isa = PBXFileReference; lastKnownFileType = sourcecode.c.objc; path = ViewController.m; sourceTree = "<group>"; };
		5197F1461E12493700D123D8 /* Base */ = {isa = PBXFileReference; lastKnownFileType = file.storyboard; name = Base; path = Base.lproj/Main.storyboard; sourceTree = "<group>"; };
		5197F1491E12493700D123D8 /* DemoObjecti.xcdatamodel */ = {isa = PBXFileReference; lastKnownFileType = wrapper.xcdatamodel; path = DemoObjecti.xcdatamodel; sourceTree = "<group>"; };
		5197F14B1E12493700D123D8 /* Assets.xcassets */ = {isa = PBXFileReference; lastKnownFileType = folder.assetcatalog; path = Assets.xcassets; sourceTree = "<group>"; };
		5197F14E1E12493800D123D8 /* Base */ = {isa = PBXFileReference; lastKnownFileType = file.storyboard; name = Base; path = Base.lproj/LaunchScreen.storyboard; sourceTree = "<group>"; };
		5197F1501E12493800D123D8 /* Info.plist */ = {isa = PBXFileReference; lastKnownFileType = text.plist.xml; path = Info.plist; sourceTree = "<group>"; };
		5197F1571E124A1700D123D8 /* CoreData.framework */ = {isa = PBXFileReference; lastKnownFileType = wrapper.framework; name = CoreData.framework; path = System/Library/Frameworks/CoreData.framework; sourceTree = SDKROOT; };
		5197F1591E124D0C00D123D8 /* CustomTableViewCell.h */ = {isa = PBXFileReference; fileEncoding = 4; lastKnownFileType = sourcecode.c.h; path = CustomTableViewCell.h; sourceTree = "<group>"; };
		5197F15A1E124D0C00D123D8 /* CustomTableViewCell.m */ = {isa = PBXFileReference; fileEncoding = 4; lastKnownFileType = sourcecode.c.objc; path = CustomTableViewCell.m; sourceTree = "<group>"; };
		5197F1731E125A4900D123D8 /* GeoName+CoreDataProperties.h */ = {isa = PBXFileReference; fileEncoding = 4; lastKnownFileType = sourcecode.c.h; path = "GeoName+CoreDataProperties.h"; sourceTree = "<group>"; };
		5197F1741E125A4900D123D8 /* GeoName+CoreDataProperties.m */ = {isa = PBXFileReference; fileEncoding = 4; lastKnownFileType = sourcecode.c.objc; path = "GeoName+CoreDataProperties.m"; sourceTree = "<group>"; };
/* End PBXFileReference section */

/* Begin PBXFrameworksBuildPhase section */
		5197F1361E12493700D123D8 /* Frameworks */ = {
			isa = PBXFrameworksBuildPhase;
			buildActionMask = 2147483647;
			files = (
				5197F1581E124A1700D123D8 /* CoreData.framework in Frameworks */,
			);
			runOnlyForDeploymentPostprocessing = 0;
		};
/* End PBXFrameworksBuildPhase section */

/* Begin PBXGroup section */
		5197F1301E12493600D123D8 = {
			isa = PBXGroup;
			children = (
				5197F13B1E12493700D123D8 /* DemoObjecti */,
				5197F13A1E12493700D123D8 /* Products */,
				5197F1561E124A1700D123D8 /* Frameworks */,
			);
			sourceTree = "<group>";
		};
		5197F13A1E12493700D123D8 /* Products */ = {
			isa = PBXGroup;
			children = (
				5197F1391E12493700D123D8 /* DemoObjecti.app */,
			);
			name = Products;
			sourceTree = "<group>";
		};
		5197F13B1E12493700D123D8 /* DemoObjecti */ = {
			isa = PBXGroup;
			children = (
				5197F1731E125A4900D123D8 /* GeoName+CoreDataProperties.h */,
				5197F1741E125A4900D123D8 /* GeoName+CoreDataProperties.m */,
				5197F13F1E12493700D123D8 /* AppDelegate.h */,
				5197F1401E12493700D123D8 /* AppDelegate.m */,
				5197F1421E12493700D123D8 /* ViewController.h */,
				5197F1431E12493700D123D8 /* ViewController.m */,
				5197F1591E124D0C00D123D8 /* CustomTableViewCell.h */,
				5197F15A1E124D0C00D123D8 /* CustomTableViewCell.m */,
				5197F1451E12493700D123D8 /* Main.storyboard */,
				5197F14B1E12493700D123D8 /* Assets.xcassets */,
				5197F14D1E12493800D123D8 /* LaunchScreen.storyboard */,
				5197F1501E12493800D123D8 /* Info.plist */,
				5197F1481E12493700D123D8 /* DemoObjecti.xcdatamodeld */,
				5197F13C1E12493700D123D8 /* Supporting Files */,
			);
			path = DemoObjecti;
			sourceTree = "<group>";
		};
		5197F13C1E12493700D123D8 /* Supporting Files */ = {
			isa = PBXGroup;
			children = (
				5197F13D1E12493700D123D8 /* main.m */,
			);
			name = "Supporting Files";
			sourceTree = "<group>";
		};
		5197F1561E124A1700D123D8 /* Frameworks */ = {
			isa = PBXGroup;
			children = (
				5197F1571E124A1700D123D8 /* CoreData.framework */,
			);
			name = Frameworks;
			sourceTree = "<group>";
		};
/* End PBXGroup section */

/* Begin PBXNativeTarget section */
		5197F1381E12493700D123D8 /* DemoObjecti */ = {
			isa = PBXNativeTarget;
			buildConfigurationList = 5197F1531E12493800D123D8 /* Build configuration list for PBXNativeTarget "DemoObjecti" */;
			buildPhases = (
				5197F1351E12493700D123D8 /* Sources */,
				5197F1361E12493700D123D8 /* Frameworks */,
				5197F1371E12493700D123D8 /* Resources */,
			);
			buildRules = (
			);
			dependencies = (
			);
			name = DemoObjecti;
			productName = DemoObjecti;
			productReference = 5197F1391E12493700D123D8 /* DemoObjecti.app */;
			productType = "com.apple.product-type.application";
		};
/* End PBXNativeTarget section */

/* Begin PBXProject section */
		5197F1311E12493600D123D8 /* Project object */ = {
			isa = PBXProject;
			attributes = {
				LastUpgradeCheck = 0820;
				ORGANIZATIONNAME = "ASM Technologies Limited";
				TargetAttributes = {
					5197F1381E12493700D123D8 = {
						CreatedOnToolsVersion = 8.2.1;
						DevelopmentTeam = 2PM5WY4P2M;
						ProvisioningStyle = Automatic;
					};
				};
			};
			buildConfigurationList = 5197F1341E12493600D123D8 /* Build configuration list for PBXProject "DemoObjecti" */;
			compatibilityVersion = "Xcode 3.2";
			developmentRegion = English;
			hasScannedForEncodings = 0;
			knownRegions = (
				en,
				Base,
			);
			mainGroup = 5197F1301E12493600D123D8;
			productRefGroup = 5197F13A1E12493700D123D8 /* Products */;
			projectDirPath = "";
			projectRoot = "";
			targets = (
				5197F1381E12493700D123D8 /* DemoObjecti */,
			);
		};
/* End PBXProject section */

/* Begin PBXResourcesBuildPhase section */
		5197F1371E12493700D123D8 /* Resources */ = {
			isa = PBXResourcesBuildPhase;
			buildActionMask = 2147483647;
			files = (
				5197F14F1E12493800D123D8 /* LaunchScreen.storyboard in Resources */,
				5197F14C1E12493700D123D8 /* Assets.xcassets in Resources */,
				5197F1471E12493700D123D8 /* Main.storyboard in Resources */,
			);
			runOnlyForDeploymentPostprocessing = 0;
		};
/* End PBXResourcesBuildPhase section */

/* Begin PBXSourcesBuildPhase section */
		5197F1351E12493700D123D8 /* Sources */ = {
			isa = PBXSourcesBuildPhase;
			buildActionMask = 2147483647;
			files = (
				5197F1441E12493700D123D8 /* ViewController.m in Sources */,
				5197F14A1E12493700D123D8 /* DemoObjecti.xcdatamodeld in Sources */,
				5197F1411E12493700D123D8 /* AppDelegate.m in Sources */,
				5197F15B1E124D0C00D123D8 /* CustomTableViewCell.m in Sources */,
				5197F1761E125A4900D123D8 /* GeoName+CoreDataProperties.m in Sources */,
				5197F13E1E12493700D123D8 /* main.m in Sources */,
			);
			runOnlyForDeploymentPostprocessing = 0;
		};
/* End PBXSourcesBuildPhase section */

/* Begin PBXVariantGroup section */
		5197F1451E12493700D123D8 /* Main.storyboard */ = {
			isa = PBXVariantGroup;
			children = (
				5197F1461E12493700D123D8 /* Base */,
			);
			name = Main.storyboard;
			sourceTree = "<group>";
		};
		5197F14D1E12493800D123D8 /* LaunchScreen.storyboard */ = {
			isa = PBXVariantGroup;
			children = (
				5197F14E1E12493800D123D8 /* Base */,
			);
			name = LaunchScreen.storyboard;
			sourceTree = "<group>";
		};
/* End PBXVariantGroup section */

/* Begin XCBuildConfiguration section */
		5197F1511E12493800D123D8 /* Debug */ = {
			isa = XCBuildConfiguration;
			buildSettings = {
				ALWAYS_SEARCH_USER_PATHS = NO;
				CLANG_ANALYZER_NONNULL = YES;
				CLANG_CXX_LANGUAGE_STANDARD = "gnu++0x";
				CLANG_CXX_LIBRARY = "libc++";
				CLANG_ENABLE_MODULES = YES;
				CLANG_ENABLE_OBJC_ARC = YES;
				CLANG_WARN_BOOL_CONVERSION = YES;
				CLANG_WARN_CONSTANT_CONVERSION = YES;
				CLANG_WARN_DIRECT_OBJC_ISA_USAGE = YES_ERROR;
				CLANG_WARN_DOCUMENTATION_COMMENTS = YES;
				CLANG_WARN_EMPTY_BODY = YES;
				CLANG_WARN_ENUM_CONVERSION = YES;
				CLANG_WARN_INFINITE_RECURSION = YES;
				CLANG_WARN_INT_CONVERSION = YES;
				CLANG_WARN_OBJC_ROOT_CLASS = YES_ERROR;
				CLANG_WARN_SUSPICIOUS_MOVE = YES;
				CLANG_WARN_UNREACHABLE_CODE = YES;
				CLANG_WARN__DUPLICATE_METHOD_MATCH = YES;
				"CODE_SIGN_IDENTITY[sdk=iphoneos*]" = "iPhone Developer";
				COPY_PHASE_STRIP = NO;
				DEBUG_INFORMATION_FORMAT = dwarf;
				ENABLE_STRICT_OBJC_MSGSEND = YES;
				ENABLE_TESTABILITY = YES;
				GCC_C_LANGUAGE_STANDARD = gnu99;
				GCC_DYNAMIC_NO_PIC = NO;
				GCC_NO_COMMON_BLOCKS = YES;
				GCC_OPTIMIZATION_LEVEL = 0;
				GCC_PREPROCESSOR_DEFINITIONS = (
					"DEBUG=1",
					"$(inherited)",
				);
				GCC_WARN_64_TO_32_BIT_CONVERSION = YES;
				GCC_WARN_ABOUT_RETURN_TYPE = YES_ERROR;
				GCC_WARN_UNDECLARED_SELECTOR = YES;
				GCC_WARN_UNINITIALIZED_AUTOS = YES_AGGRESSIVE;
				GCC_WARN_UNUSED_FUNCTION = YES;
				GCC_WARN_UNUSED_VARIABLE = YES;
				IPHONEOS_DEPLOYMENT_TARGET = 10.2;
				MTL_ENABLE_DEBUG_INFO = YES;
				ONLY_ACTIVE_ARCH = YES;
				SDKROOT = iphoneos;
			};
			name = Debug;
		};
		5197F1521E12493800D123D8 /* Release */ = {
			isa = XCBuildConfiguration;
			buildSettings = {
				ALWAYS_SEARCH_USER_PATHS = NO;
				CLANG_ANALYZER_NONNULL = YES;
				CLANG_CXX_LANGUAGE_STANDARD = "gnu++0x";
				CLANG_CXX_LIBRARY = "libc++";
				CLANG_ENABLE_MODULES = YES;
				CLANG_ENABLE_OBJC_ARC = YES;
				CLANG_WARN_BOOL_CONVERSION = YES;
				CLANG_WARN_CONSTANT_CONVERSION = YES;
				CLANG_WARN_DIRECT_OBJC_ISA_USAGE = YES_ERROR;
				CLANG_WARN_DOCUMENTATION_COMMENTS = YES;
				CLANG_WARN_EMPTY_BODY = YES;
				CLANG_WARN_ENUM_CONVERSION = YES;
				CLANG_WARN_INFINITE_RECURSION = YES;
				CLANG_WARN_INT_CONVERSION = YES;
				CLANG_WARN_OBJC_ROOT_CLASS = YES_ERROR;
				CLANG_WARN_SUSPICIOUS_MOVE = YES;
				CLANG_WARN_UNREACHABLE_CODE = YES;
				CLANG_WARN__DUPLICATE_METHOD_MATCH = YES;
				"CODE_SIGN_IDENTITY[sdk=iphoneos*]" = "iPhone Developer";
				COPY_PHASE_STRIP = NO;
				DEBUG_INFORMATION_FORMAT = "dwarf-with-dsym";
				ENABLE_NS_ASSERTIONS = NO;
				ENABLE_STRICT_OBJC_MSGSEND = YES;
				GCC_C_LANGUAGE_STANDARD = gnu99;
				GCC_NO_COMMON_BLOCKS = YES;
				GCC_WARN_64_TO_32_BIT_CONVERSION = YES;
				GCC_WARN_ABOUT_RETURN_TYPE = YES_ERROR;
				GCC_WARN_UNDECLARED_SELECTOR = YES;
				GCC_WARN_UNINITIALIZED_AUTOS = YES_AGGRESSIVE;
				GCC_WARN_UNUSED_FUNCTION = YES;
				GCC_WARN_UNUSED_VARIABLE = YES;
				IPHONEOS_DEPLOYMENT_TARGET = 10.2;
				MTL_ENABLE_DEBUG_INFO = NO;
				SDKROOT = iphoneos;
				VALIDATE_PRODUCT = YES;
			};
			name = Release;
		};
		5197F1541E12493800D123D8 /* Debug */ = {
			isa = XCBuildConfiguration;
			buildSettings = {
				ASSETCATALOG_COMPILER_APPICON_NAME = AppIcon;
				DEVELOPMENT_TEAM = 2PM5WY4P2M;
				INFOPLIST_FILE = DemoObjecti/Info.plist;
				LD_RUNPATH_SEARCH_PATHS = "$(inherited) @executable_path/Frameworks";
				PRODUCT_BUNDLE_IDENTIFIER = com.asmltd.DemoObjecti;
				PRODUCT_NAME = "$(TARGET_NAME)";
			};
			name = Debug;
		};
		5197F1551E12493800D123D8 /* Release */ = {
			isa = XCBuildConfiguration;
			buildSettings = {
				ASSETCATALOG_COMPILER_APPICON_NAME = AppIcon;
				DEVELOPMENT_TEAM = 2PM5WY4P2M;
				INFOPLIST_FILE = DemoObjecti/Info.plist;
				LD_RUNPATH_SEARCH_PATHS = "$(inherited) @executable_path/Frameworks";
				PRODUCT_BUNDLE_IDENTIFIER = com.asmltd.DemoObjecti;
				PRODUCT_NAME = "$(TARGET_NAME)";
			};
			name = Release;
		};
/* End XCBuildConfiguration section */

/* Begin XCConfigurationList section */
		5197F1341E12493600D123D8 /* Build configuration list for PBXProject "DemoObjecti" */ = {
			isa = XCConfigurationList;
			buildConfigurations = (
				5197F1511E12493800D123D8 /* Debug */,
				5197F1521E12493800D123D8 /* Release */,
			);
			defaultConfigurationIsVisible = 0;
			defaultConfigurationName = Release;
		};
		5197F1531E12493800D123D8 /* Build configuration list for PBXNativeTarget "DemoObjecti" */ = {
			isa = XCConfigurationList;
			buildConfigurations = (
				5197F1541E12493800D123D8 /* Debug */,
				5197F1551E12493800D123D8 /* Release */,
			);
			defaultConfigurationIsVisible = 0;
			defaultConfigurationName = Release;
		};
/* End XCConfigurationList section */

/* Begin XCVersionGroup section */
		5197F1481E12493700D123D8 /* DemoObjecti.xcdatamodeld */ = {
			isa = XCVersionGroup;
			children = (
				5197F1491E12493700D123D8 /* DemoObjecti.xcdatamodel */,
			);
			currentVersion = 5197F1491E12493700D123D8 /* DemoObjecti.xcdatamodel */;
			path = DemoObjecti.xcdatamodeld;
			sourceTree = "<group>";
			versionGroupType = wrapper.xcdatamodel;
		};
/* End XCVersionGroup section */
	};
	rootObject = 5197F1311E12493600D123D8 /* Project object */;
}
